<?xml version="1.0" encoding="utf-8"?>
<Project ToolsVersion="4.0" xmlns="http://schemas.microsoft.com/developer/msbuild/2003">
  <ItemGroup>
    <Filter Include="src">
      <UniqueIdentifier>{4FC737F1-C7A5-4376-A066-2A32D752A2FF}</UniqueIdentifier>
      <Extensions>cpp;c;cc;cxx;def;odl;idl;hpj;bat;asm;asmx</Extensions>
    </Filter>
    <Filter Include="header">
      <UniqueIdentifier>{93995380-89BD-4b04-88EB-625FBE52EBFB}</UniqueIdentifier>
      <Extensions>h;hh;hpp;hxx;hm;inl;inc;xsd</Extensions>
    </Filter>
    <Filter Include="resource">
      <UniqueIdentifier>{67DA6AB6-F800-4c08-8B7A-83BB121AAD01}</UniqueIdentifier>
      <Extensions>rc;ico;cur;bmp;dlg;rc2;rct;bin;rgs;gif;jpg;jpeg;jpe;resx;tiff;tif;png;wav;mfcribbon-ms</Extensions>
    </Filter>
    <Filter Include="src\DirectXTex">
      <UniqueIdentifier>{6638c314-19ee-4027-99cb-781d78d55c55}</UniqueIdentifier>
    </Filter>
  </ItemGroup>
  <ItemGroup>
    <None Include="..\src\GlobalExportFunctions.def">
      <Filter>src</Filter>
    </None>
  </ItemGroup>
  <ItemGroup>
    <ClCompile Include="..\src\dllmain.cpp">
      <Filter>src</Filter>
    </ClCompile>
    <ClCompile Include="..\src\ClassFactory.cpp">
      <Filter>src</Filter>
    </ClCompile>
    <ClCompile Include="..\src\dds_thumbnail_provider.cpp">
      <Filter>src</Filter>
    </ClCompile>
    <ClCompile Include="..\src\Reg.cpp">
      <Filter>src</Filter>
    </ClCompile>
    <ClCompile Include="..\src\DirectXTex\BC.cpp">
      <Filter>src\DirectXTex</Filter>
    </ClCompile>
    <ClCompile Include="..\src\DirectXTex\BC4BC5.cpp">
      <Filter>src\DirectXTex</Filter>
    </ClCompile>
    <ClCompile Include="..\src\DirectXTex\BC6HBC7.cpp">
      <Filter>src\DirectXTex</Filter>
    </ClCompile>
    <ClCompile Include="..\src\DirectXTex\BCDirectCompute.cpp">
      <Filter>src\DirectXTex</Filter>
    </ClCompile>
    <ClCompile Include="..\src\DirectXTex\DirectXTexCompress.cpp">
      <Filter>src\DirectXTex</Filter>
    </ClCompile>
    <ClCompile Include="..\src\DirectXTex\DirectXTexCompressGPU.cpp">
      <Filter>src\DirectXTex</Filter>
    </ClCompile>
    <ClCompile Include="..\src\DirectXTex\DirectXTexConvert.cpp">
      <Filter>src\DirectXTex</Filter>
    </ClCompile>
    <ClCompile Include="..\src\DirectXTex\DirectXTexD3D11.cpp">
      <Filter>src\DirectXTex</Filter>
    </ClCompile>
    <ClCompile Include="..\src\DirectXTex\DirectXTexDDS.cpp">
      <Filter>src\DirectXTex</Filter>
    </ClCompile>
    <ClCompile Include="..\src\DirectXTex\DirectXTexFlipRotate.cpp">
      <Filter>src\DirectXTex</Filter>
    </ClCompile>
    <ClCompile Include="..\src\DirectXTex\DirectXTexImage.cpp">
      <Filter>src\DirectXTex</Filter>
    </ClCompile>
    <ClCompile Include="..\src\DirectXTex\DirectXTexMipmaps.cpp">
      <Filter>src\DirectXTex</Filter>
    </ClCompile>
    <ClCompile Include="..\src\DirectXTex\DirectXTexMisc.cpp">
      <Filter>src\DirectXTex</Filter>
    </ClCompile>
    <ClCompile Include="..\src\DirectXTex\DirectXTexNormalMaps.cpp">
      <Filter>src\DirectXTex</Filter>
    </ClCompile>
    <ClCompile Include="..\src\DirectXTex\DirectXTexPMAlpha.cpp">
      <Filter>src\DirectXTex</Filter>
    </ClCompile>
    <ClCompile Include="..\src\DirectXTex\DirectXTexResize.cpp">
      <Filter>src\DirectXTex</Filter>
    </ClCompile>
    <ClCompile Include="..\src\DirectXTex\DirectXTexTGA.cpp">
      <Filter>src\DirectXTex</Filter>
    </ClCompile>
    <ClCompile Include="..\src\DirectXTex\DirectXTexUtil.cpp">
      <Filter>src\DirectXTex</Filter>
    </ClCompile>
    <ClCompile Include="..\src\DirectXTex\DirectXTexWIC.cpp">
      <Filter>src\DirectXTex</Filter>
    </ClCompile>
  </ItemGroup>
  <ItemGroup>
    <ClInclude Include="..\src\ClassFactory.h">
      <Filter>header</Filter>
    </ClInclude>
    <ClInclude Include="..\src\dds_thumbnail_provider.h">
      <Filter>header</Filter>
    </ClInclude>
    <ClInclude Include="..\src\Reg.h">
      <Filter>header</Filter>
    </ClInclude>
    <ClInclude Include="..\src\DirectXTex\DirectXTex.h">
      <Filter>src\DirectXTex</Filter>
    </ClInclude>
  </ItemGroup>
</Project>